
Microsoft Visual Studio Solution File, Format Version 12.00
# Visual Studio Version 17
VisualStudioVersion = 17.4.33205.214
MinimumVisualStudioVersion = 10.0.40219.1
Project("{FAE04EC0-301F-11D3-BF4B-00C04F79EFBC}") = "WinProgressBar", "WinProgressBar\WinProgressBar.csproj", "{685E3C7C-CEC7-41C2-8C07-1CAF98A09EFA}"
EndProject
Global
	GlobalSection(SolutionConfigurationPlatforms) = preSolution
		Debug|Any CPU = Debug|Any CPU
		Release|Any CPU = Release|Any CPU
	EndGlobalSection
	GlobalSection(ProjectConfigurationPlatforms) = postSolution
		{685E3C7C-CEC7-41C2-8C07-1CAF98A09EFA}.Debug|Any CPU.ActiveCfg = Debug|Any CPU
		{685E3C7C-CEC7-41C2-8C07-1CAF98A09EFA}.Debug|Any CPU.Build.0 = Debug|Any CPU
		{685E3C7C-CEC7-41C2-8C07-1CAF98A09EFA}.Release|Any CPU.ActiveCfg = Release|Any CPU
		{685E3C7C-CEC7-41C2-8C07-1CAF98A09EFA}.Release|Any CPU.Build.0 = Release|Any CPU
	EndGlobalSection
	GlobalSection(SolutionProperties) = preSolution
		HideSolutionNode = FALSE
	EndGlobalSection
	GlobalSection(ExtensibilityGlobals) = postSolution
		SolutionGuid = {D0890FBF-D95F-4066-AFEA-D7460EF38177}
	EndGlobalSection
EndGlobal
